PODS:
  - FBSnapshotTestCase (2.1.4):
    - FBSnapshotTestCase/SwiftSupport (= 2.1.4)
  - FBSnapshotTestCase/Core (2.1.4)
  - FBSnapshotTestCase/SwiftSupport (2.1.4):
    - FBSnapshotTestCase/Core
  - FRSteps (0.1.0)

DEPENDENCIES:
  - FBSnapshotTestCase (~> 2.1.4)
  - FRSteps (from `../`)

EXTERNAL SOURCES:
  FRSteps:
    :path: "../"

SPEC CHECKSUMS:
  FBSnapshotTestCase: 094f9f314decbabe373b87cc339bea235a63e07a
  FRSteps: 1f8b2650c7b03fc7c81c1e3e347ab2c0e0f7dc91

PODFILE CHECKSUM: df6d67fe388df524cfbe750a1ed4cc8e4fae6be0

COCOAPODS: 1.2.1
